
Microsoft Visual Studio Solution File, Format Version 12.00
# Visual Studio 15
VisualStudioVersion = 15.0.28307.168
MinimumVisualStudioVersion = 10.0.40219.1
Project("{9A19103F-16F7-4668-BE54-9A1E7A4F7556}") = "Koren.Extensions.Configuration.Json", "src\Koren.Extensions.Configuration.Json\Koren.Extensions.Configuration.Json.csproj", "{D89364D7-3708-4498-B75D-8C37B2FFAF17}"
EndProject
Project("{9A19103F-16F7-4668-BE54-9A1E7A4F7556}") = "Koren.Extensions.Configuration.Http", "src\Koren.Extensions.Configuration.Http\Koren.Extensions.Configuration.Http.csproj", "{034C554B-65A0-4B62-946F-B91358078663}"
EndProject
Project("{9A19103F-16F7-4668-BE54-9A1E7A4F7556}") = "Koren.Extensions.Hosting", "src\Koren.Extensions.Hosting\Koren.Extensions.Hosting.csproj", "{0270D4CE-A249-4D7C-944A-86F2622938A5}"
EndProject
Project("{2150E333-8FDC-42A3-9474-1A3956D46DE8}") = "src", "src", "{D7ED8B37-A31E-4677-9C0F-96BCEB6F4F7C}"
EndProject
Project("{2150E333-8FDC-42A3-9474-1A3956D46DE8}") = "Configurations", "Configurations", "{9F36882B-8897-44C4-BAA8-D8B397F21F4A}"
EndProject
Project("{2150E333-8FDC-42A3-9474-1A3956D46DE8}") = "Hosting", "Hosting", "{812DD867-B452-49BA-95DE-C272D784DF7E}"
EndProject
Project("{2150E333-8FDC-42A3-9474-1A3956D46DE8}") = "Solution Items", "Solution Items", "{964C300E-5C54-421C-857F-F2A8C67CA984}"
	ProjectSection(SolutionItems) = preProject
		build.cake = build.cake
	EndProjectSection
EndProject
Project("{2150E333-8FDC-42A3-9474-1A3956D46DE8}") = "samples", "samples", "{7664E9FE-331A-4051-9DF8-B1C15F09FB6A}"
EndProject
Project("{FAE04EC0-301F-11D3-BF4B-00C04F79EFBC}") = "SampleApp", "samples\SampleApp\SampleApp.csproj", "{548A54B9-7DAA-4445-A216-A63407E13F70}"
EndProject
Global
	GlobalSection(SolutionConfigurationPlatforms) = preSolution
		Debug|Any CPU = Debug|Any CPU
		Release|Any CPU = Release|Any CPU
	EndGlobalSection
	GlobalSection(ProjectConfigurationPlatforms) = postSolution
		{D89364D7-3708-4498-B75D-8C37B2FFAF17}.Debug|Any CPU.ActiveCfg = Debug|Any CPU
		{D89364D7-3708-4498-B75D-8C37B2FFAF17}.Debug|Any CPU.Build.0 = Debug|Any CPU
		{D89364D7-3708-4498-B75D-8C37B2FFAF17}.Release|Any CPU.ActiveCfg = Release|Any CPU
		{D89364D7-3708-4498-B75D-8C37B2FFAF17}.Release|Any CPU.Build.0 = Release|Any CPU
		{034C554B-65A0-4B62-946F-B91358078663}.Debug|Any CPU.ActiveCfg = Debug|Any CPU
		{034C554B-65A0-4B62-946F-B91358078663}.Debug|Any CPU.Build.0 = Debug|Any CPU
		{034C554B-65A0-4B62-946F-B91358078663}.Release|Any CPU.ActiveCfg = Release|Any CPU
		{034C554B-65A0-4B62-946F-B91358078663}.Release|Any CPU.Build.0 = Release|Any CPU
		{0270D4CE-A249-4D7C-944A-86F2622938A5}.Debug|Any CPU.ActiveCfg = Debug|Any CPU
		{0270D4CE-A249-4D7C-944A-86F2622938A5}.Debug|Any CPU.Build.0 = Debug|Any CPU
		{0270D4CE-A249-4D7C-944A-86F2622938A5}.Release|Any CPU.ActiveCfg = Release|Any CPU
		{0270D4CE-A249-4D7C-944A-86F2622938A5}.Release|Any CPU.Build.0 = Release|Any CPU
		{548A54B9-7DAA-4445-A216-A63407E13F70}.Debug|Any CPU.ActiveCfg = Debug|Any CPU
		{548A54B9-7DAA-4445-A216-A63407E13F70}.Debug|Any CPU.Build.0 = Debug|Any CPU
		{548A54B9-7DAA-4445-A216-A63407E13F70}.Release|Any CPU.ActiveCfg = Release|Any CPU
		{548A54B9-7DAA-4445-A216-A63407E13F70}.Release|Any CPU.Build.0 = Release|Any CPU
	EndGlobalSection
	GlobalSection(SolutionProperties) = preSolution
		HideSolutionNode = FALSE
	EndGlobalSection
	GlobalSection(NestedProjects) = preSolution
		{D89364D7-3708-4498-B75D-8C37B2FFAF17} = {9F36882B-8897-44C4-BAA8-D8B397F21F4A}
		{034C554B-65A0-4B62-946F-B91358078663} = {9F36882B-8897-44C4-BAA8-D8B397F21F4A}
		{0270D4CE-A249-4D7C-944A-86F2622938A5} = {812DD867-B452-49BA-95DE-C272D784DF7E}
		{9F36882B-8897-44C4-BAA8-D8B397F21F4A} = {D7ED8B37-A31E-4677-9C0F-96BCEB6F4F7C}
		{812DD867-B452-49BA-95DE-C272D784DF7E} = {D7ED8B37-A31E-4677-9C0F-96BCEB6F4F7C}
		{548A54B9-7DAA-4445-A216-A63407E13F70} = {7664E9FE-331A-4051-9DF8-B1C15F09FB6A}
	EndGlobalSection
	GlobalSection(ExtensibilityGlobals) = postSolution
		SolutionGuid = {9397189B-A48F-443D-910C-C4CE3EC5FDB9}
	EndGlobalSection
EndGlobal
